PODS:
  - CNIOAtomics (1.9.5)
  - CNIODarwin (1.9.5)
  - CNIOHTTPParser (1.9.5)
  - CNIOLinux (1.9.5)
  - CNIOSHA1 (1.9.5)
  - CNIOZlib (1.9.5)
  - SwiftNIO (1.9.5):
    - CNIOAtomics (= 1.9.5)
    - CNIODarwin (= 1.9.5)
    - CNIOLinux (= 1.9.5)
    - CNIOSHA1 (= 1.9.5)
    - SwiftNIOConcurrencyHelpers (= 1.9.5)
  - SwiftNIOConcurrencyHelpers (1.9.5):
    - CNIOAtomics (= 1.9.5)
  - SwiftNIOFoundationCompat (1.9.5):
    - SwiftNIO (= 1.9.5)
  - SwiftNIOHTTP1 (1.9.5):
    - CNIOHTTPParser (= 1.9.5)
    - CNIOZlib (= 1.9.5)
    - SwiftNIO (= 1.9.5)
    - SwiftNIOConcurrencyHelpers (= 1.9.5)
  - SwiftNIOTLS (1.9.5):
    - SwiftNIO (= 1.9.5)
  - SwiftNIOTransportServices (0.2.0):
    - SwiftNIO (~> 1.8)
    - SwiftNIOConcurrencyHelpers (~> 1.8)
    - SwiftNIOFoundationCompat (~> 1.8)
    - SwiftNIOTLS (~> 1.8)

DEPENDENCIES:
  - SwiftNIO
  - SwiftNIOHTTP1
  - SwiftNIOTransportServices

SPEC REPOS:
  https://github.com/cocoapods/specs.git:
    - CNIOAtomics
    - CNIODarwin
    - CNIOHTTPParser
    - CNIOLinux
    - CNIOSHA1
    - CNIOZlib
    - SwiftNIO
    - SwiftNIOConcurrencyHelpers
    - SwiftNIOFoundationCompat
    - SwiftNIOHTTP1
    - SwiftNIOTLS
    - SwiftNIOTransportServices

SPEC CHECKSUMS:
  CNIOAtomics: ac34771d0242d7a70dc7aaac54607c7e6c698ecc
  CNIODarwin: 139e61305f9318daada89df194e626e4328e3c83
  CNIOHTTPParser: cfa6bec5b1b4eaff616ec5d1a9d8b8577e7eb9d8
  CNIOLinux: 6a8e6c19e4166a3c0ab1d26919b21664465d81c9
  CNIOSHA1: c24f95feac7f4c44bd78dffc63e37c3cfad152b8
  CNIOZlib: 3a32236ebad47da71e7bc390894ce5293baeb85b
  SwiftNIO: 822cd7f084035c3023a072da66f39afdda40a1d9
  SwiftNIOConcurrencyHelpers: cc9ad4889a6cd1172810f31a08d6cd5bfa0fd0b8
  SwiftNIOFoundationCompat: 4f5913404cb7850137bc13d9386d49e129a4b448
  SwiftNIOHTTP1: 5d487c36d052efc51895c7bf7cef6fdff6848ef4
  SwiftNIOTLS: dca4e79a917d2270c2061deb2726f439681e29c6
  SwiftNIOTransportServices: 938cf698634ad94e9f8c0ee0d1c9b2908f82769c

PODFILE CHECKSUM: 035aaba4d3a56e60a04b7ef6f7dee2a5a3565fac

COCOAPODS: 1.5.3
